{
  "name": "static",
  "lockfileVersion": 2,
  "requires": true,
  "packages": {
    "": {
      "dependencies": {
        "ChessLogic": "file:js"
      }
    },
    "js": {
      "version": "0.0.1"
    },
    "node_modules/ChessLogic": {
      "resolved": "js",
      "link": true
    }
  },
  "dependencies": {
    "ChessLogic": {
      "version": "file:js"
    }
  }
}
